// !$*UTF8*$!
{
	archiveVersion = 1;
	classes = {
	};
	objectVersion = 46;
	objects = {

/* Begin PBXBuildFile section */
		0A8783DD1A155CF50028437C /* JALoaderView.m in Sources */ = {isa = PBXBuildFile; fileRef = 0A8783DC1A155CF50028437C /* JALoaderView.m */; };
		0A8784081A155DE80028437C /* loader_0@2x.png in Resources */ = {isa = PBXBuildFile; fileRef = 0A8783E01A155DE80028437C /* loader_0@2x.png */; };
		0A8784091A155DE80028437C /* loader_10@2x.png in Resources */ = {isa = PBXBuildFile; fileRef = 0A8783E11A155DE80028437C /* loader_10@2x.png */; };
		0A87840A1A155DE80028437C /* loader_11@2x.png in Resources */ = {isa = PBXBuildFile; fileRef = 0A8783E21A155DE80028437C /* loader_11@2x.png */; };
		0A87840B1A155DE80028437C /* loader_12@2x.png in Resources */ = {isa = PBXBuildFile; fileRef = 0A8783E31A155DE80028437C /* loader_12@2x.png */; };
		0A87840C1A155DE80028437C /* loader_13@2x.png in Resources */ = {isa = PBXBuildFile; fileRef = 0A8783E41A155DE80028437C /* loader_13@2x.png */; };
		0A87840D1A155DE80028437C /* loader_14@2x.png in Resources */ = {isa = PBXBuildFile; fileRef = 0A8783E51A155DE80028437C /* loader_14@2x.png */; };
		0A87840E1A155DE80028437C /* loader_15@2x.png in Resources */ = {isa = PBXBuildFile; fileRef = 0A8783E61A155DE80028437C /* loader_15@2x.png */; };
		0A87840F1A155DE80028437C /* loader_16@2x.png in Resources */ = {isa = PBXBuildFile; fileRef = 0A8783E71A155DE80028437C /* loader_16@2x.png */; };
		0A8784101A155DE80028437C /* loader_17@2x.png in Resources */ = {isa = PBXBuildFile; fileRef = 0A8783E81A155DE80028437C /* loader_17@2x.png */; };
		0A8784111A155DE80028437C /* loader_18@2x.png in Resources */ = {isa = PBXBuildFile; fileRef = 0A8783E91A155DE80028437C /* loader_18@2x.png */; };
		0A8784121A155DE80028437C /* loader_19@2x.png in Resources */ = {isa = PBXBuildFile; fileRef = 0A8783EA1A155DE80028437C /* loader_19@2x.png */; };
		0A8784131A155DE80028437C /* loader_1@2x.png in Resources */ = {isa = PBXBuildFile; fileRef = 0A8783EB1A155DE80028437C /* loader_1@2x.png */; };
		0A8784141A155DE80028437C /* loader_20@2x.png in Resources */ = {isa = PBXBuildFile; fileRef = 0A8783EC1A155DE80028437C /* loader_20@2x.png */; };
		0A8784151A155DE80028437C /* loader_21@2x.png in Resources */ = {isa = PBXBuildFile; fileRef = 0A8783ED1A155DE80028437C /* loader_21@2x.png */; };
		0A8784161A155DE80028437C /* loader_22@2x.png in Resources */ = {isa = PBXBuildFile; fileRef = 0A8783EE1A155DE80028437C /* loader_22@2x.png */; };
		0A8784171A155DE80028437C /* loader_23@2x.png in Resources */ = {isa = PBXBuildFile; fileRef = 0A8783EF1A155DE80028437C /* loader_23@2x.png */; };
		0A8784181A155DE80028437C /* loader_24@2x.png in Resources */ = {isa = PBXBuildFile; fileRef = 0A8783F01A155DE80028437C /* loader_24@2x.png */; };
		0A8784191A155DE80028437C /* loader_25@2x.png in Resources */ = {isa = PBXBuildFile; fileRef = 0A8783F11A155DE80028437C /* loader_25@2x.png */; };
		0A87841A1A155DE80028437C /* loader_26@2x.png in Resources */ = {isa = PBXBuildFile; fileRef = 0A8783F21A155DE80028437C /* loader_26@2x.png */; };
		0A87841B1A155DE80028437C /* loader_27@2x.png in Resources */ = {isa = PBXBuildFile; fileRef = 0A8783F31A155DE80028437C /* loader_27@2x.png */; };
		0A87841C1A155DE80028437C /* loader_28@2x.png in Resources */ = {isa = PBXBuildFile; fileRef = 0A8783F41A155DE80028437C /* loader_28@2x.png */; };
		0A87841D1A155DE80028437C /* loader_29@2x.png in Resources */ = {isa = PBXBuildFile; fileRef = 0A8783F51A155DE80028437C /* loader_29@2x.png */; };
		0A87841E1A155DE80028437C /* loader_2@2x.png in Resources */ = {isa = PBXBuildFile; fileRef = 0A8783F61A155DE80028437C /* loader_2@2x.png */; };
		0A87841F1A155DE80028437C /* loader_30@2x.png in Resources */ = {isa = PBXBuildFile; fileRef = 0A8783F71A155DE80028437C /* loader_30@2x.png */; };
		0A8784201A155DE80028437C /* loader_31@2x.png in Resources */ = {isa = PBXBuildFile; fileRef = 0A8783F81A155DE80028437C /* loader_31@2x.png */; };
		0A8784211A155DE80028437C /* loader_32@2x.png in Resources */ = {isa = PBXBuildFile; fileRef = 0A8783F91A155DE80028437C /* loader_32@2x.png */; };
		0A8784221A155DE80028437C /* loader_33@2x.png in Resources */ = {isa = PBXBuildFile; fileRef = 0A8783FA1A155DE80028437C /* loader_33@2x.png */; };
		0A8784231A155DE80028437C /* loader_34@2x.png in Resources */ = {isa = PBXBuildFile; fileRef = 0A8783FB1A155DE80028437C /* loader_34@2x.png */; };
		0A8784241A155DE80028437C /* loader_35@2x.png in Resources */ = {isa = PBXBuildFile; fileRef = 0A8783FC1A155DE80028437C /* loader_35@2x.png */; };
		0A8784251A155DE80028437C /* loader_36@2x.png in Resources */ = {isa = PBXBuildFile; fileRef = 0A8783FD1A155DE80028437C /* loader_36@2x.png */; };
		0A8784261A155DE80028437C /* loader_37@2x.png in Resources */ = {isa = PBXBuildFile; fileRef = 0A8783FE1A155DE80028437C /* loader_37@2x.png */; };
		0A8784271A155DE80028437C /* loader_38@2x.png in Resources */ = {isa = PBXBuildFile; fileRef = 0A8783FF1A155DE80028437C /* loader_38@2x.png */; };
		0A8784281A155DE80028437C /* loader_39@2x.png in Resources */ = {isa = PBXBuildFile; fileRef = 0A8784001A155DE80028437C /* loader_39@2x.png */; };
		0A8784291A155DE80028437C /* loader_3@2x.png in Resources */ = {isa = PBXBuildFile; fileRef = 0A8784011A155DE80028437C /* loader_3@2x.png */; };
		0A87842A1A155DE80028437C /* loader_4@2x.png in Resources */ = {isa = PBXBuildFile; fileRef = 0A8784021A155DE80028437C /* loader_4@2x.png */; };
		0A87842B1A155DE80028437C /* loader_5@2x.png in Resources */ = {isa = PBXBuildFile; fileRef = 0A8784031A155DE80028437C /* loader_5@2x.png */; };
		0A87842C1A155DE80028437C /* loader_6@2x.png in Resources */ = {isa = PBXBuildFile; fileRef = 0A8784041A155DE80028437C /* loader_6@2x.png */; };
		0A87842D1A155DE80028437C /* loader_7@2x.png in Resources */ = {isa = PBXBuildFile; fileRef = 0A8784051A155DE80028437C /* loader_7@2x.png */; };
		0A87842E1A155DE80028437C /* loader_8@2x.png in Resources */ = {isa = PBXBuildFile; fileRef = 0A8784061A155DE80028437C /* loader_8@2x.png */; };
		0A87842F1A155DE80028437C /* loader_9@2x.png in Resources */ = {isa = PBXBuildFile; fileRef = 0A8784071A155DE80028437C /* loader_9@2x.png */; };
		770CB9121A232FB8002817BE /* Article.storyboard in Resources */ = {isa = PBXBuildFile; fileRef = 770CB9101A232FB8002817BE /* Article.storyboard */; };
		770CB9221A233006002817BE /* JACreditsCollectionViewCell.m in Sources */ = {isa = PBXBuildFile; fileRef = 770CB9161A233006002817BE /* JACreditsCollectionViewCell.m */; };
		770CB9231A233006002817BE /* JAImageCollectionViewCell.m in Sources */ = {isa = PBXBuildFile; fileRef = 770CB9181A233006002817BE /* JAImageCollectionViewCell.m */; };
		770CB9241A233006002817BE /* JAKeyNumberCollectionViewCell.m in Sources */ = {isa = PBXBuildFile; fileRef = 770CB91A1A233006002817BE /* JAKeyNumberCollectionViewCell.m */; };
		770CB9251A233006002817BE /* JAParagraphCollectionViewCell.m in Sources */ = {isa = PBXBuildFile; fileRef = 770CB91C1A233006002817BE /* JAParagraphCollectionViewCell.m */; };
		770CB9261A233006002817BE /* JAQuotesCollectionViewCell.m in Sources */ = {isa = PBXBuildFile; fileRef = 770CB91E1A233006002817BE /* JAQuotesCollectionViewCell.m */; };
		770CB9271A233006002817BE /* JAResumeCollectionViewCell.m in Sources */ = {isa = PBXBuildFile; fileRef = 770CB9201A233006002817BE /* JAResumeCollectionViewCell.m */; };
		770CB92A1A233014002817BE /* JAArticleCollectionViewController.m in Sources */ = {isa = PBXBuildFile; fileRef = 770CB9281A233014002817BE /* JAArticleCollectionViewController.m */; };
		770CB92B1A233014002817BE /* JATitleCollectionViewCell.m in Sources */ = {isa = PBXBuildFile; fileRef = 770CB9291A233014002817BE /* JATitleCollectionViewCell.m */; };
		8D54A8F61A14DCDA00ABDAD2 /* SystemConfiguration.framework in Frameworks */ = {isa = PBXBuildFile; fileRef = 8D54A8F31A14DC9A00ABDAD2 /* SystemConfiguration.framework */; };
		8D54A8F91A14DD9C00ABDAD2 /* JAStorieModel.m in Sources */ = {isa = PBXBuildFile; fileRef = 8D54A8F81A14DD9C00ABDAD2 /* JAStorieModel.m */; };
		8D54A8FC1A14DED600ABDAD2 /* JACoverModel.m in Sources */ = {isa = PBXBuildFile; fileRef = 8D54A8FB1A14DED600ABDAD2 /* JACoverModel.m */; };
		8D54A9021A14E00A00ABDAD2 /* JAChapterModel.m in Sources */ = {isa = PBXBuildFile; fileRef = 8D54A9011A14E00A00ABDAD2 /* JAChapterModel.m */; };
		8D54A9051A14E3E900ABDAD2 /* JAArticleModel.m in Sources */ = {isa = PBXBuildFile; fileRef = 8D54A9041A14E3E900ABDAD2 /* JAArticleModel.m */; };
		8D54A9081A14E53700ABDAD2 /* JABlockModel.m in Sources */ = {isa = PBXBuildFile; fileRef = 8D54A9071A14E53700ABDAD2 /* JABlockModel.m */; };
		8D54A90B1A14E5DD00ABDAD2 /* JACreditModel.m in Sources */ = {isa = PBXBuildFile; fileRef = 8D54A90A1A14E5DD00ABDAD2 /* JACreditModel.m */; };
		8D54A90E1A14E85E00ABDAD2 /* JAStoriesModel.m in Sources */ = {isa = PBXBuildFile; fileRef = 8D54A90D1A14E85E00ABDAD2 /* JAStoriesModel.m */; };
		8D54A9121A14E9AF00ABDAD2 /* stories.json in Resources */ = {isa = PBXBuildFile; fileRef = 8D54A9111A14E9AF00ABDAD2 /* stories.json */; };
		8D54A92D1A14EB8600ABDAD2 /* JSONModel.m in Sources */ = {isa = PBXBuildFile; fileRef = 8D54A9161A14EB8600ABDAD2 /* JSONModel.m */; };
		8D54A92E1A14EB8600ABDAD2 /* JSONModelArray.m in Sources */ = {isa = PBXBuildFile; fileRef = 8D54A9181A14EB8600ABDAD2 /* JSONModelArray.m */; };
		8D54A92F1A14EB8600ABDAD2 /* JSONModelClassProperty.m in Sources */ = {isa = PBXBuildFile; fileRef = 8D54A91A1A14EB8600ABDAD2 /* JSONModelClassProperty.m */; };
		8D54A9301A14EB8600ABDAD2 /* JSONModelError.m in Sources */ = {isa = PBXBuildFile; fileRef = 8D54A91C1A14EB8600ABDAD2 /* JSONModelError.m */; };
		8D54A9311A14EB8600ABDAD2 /* NSArray+JSONModel.m in Sources */ = {isa = PBXBuildFile; fileRef = 8D54A91F1A14EB8600ABDAD2 /* NSArray+JSONModel.m */; };
		8D54A9321A14EB8600ABDAD2 /* JSONAPI.m in Sources */ = {isa = PBXBuildFile; fileRef = 8D54A9231A14EB8600ABDAD2 /* JSONAPI.m */; };
		8D54A9331A14EB8600ABDAD2 /* JSONHTTPClient.m in Sources */ = {isa = PBXBuildFile; fileRef = 8D54A9251A14EB8600ABDAD2 /* JSONHTTPClient.m */; };
		8D54A9341A14EB8600ABDAD2 /* JSONModel+networking.m in Sources */ = {isa = PBXBuildFile; fileRef = 8D54A9271A14EB8600ABDAD2 /* JSONModel+networking.m */; };
		8D54A9351A14EB8600ABDAD2 /* JSONKeyMapper.m in Sources */ = {isa = PBXBuildFile; fileRef = 8D54A92A1A14EB8600ABDAD2 /* JSONKeyMapper.m */; };
		8D54A9361A14EB8600ABDAD2 /* JSONValueTransformer.m in Sources */ = {isa = PBXBuildFile; fileRef = 8D54A92C1A14EB8600ABDAD2 /* JSONValueTransformer.m */; };
		8D54A93B1A14FBA000ABDAD2 /* JAManagerData.m in Sources */ = {isa = PBXBuildFile; fileRef = 8D54A93A1A14FBA000ABDAD2 /* JAManagerData.m */; };
		8D54A9431A14FE9800ABDAD2 /* background_cover_0@2x.png in Resources */ = {isa = PBXBuildFile; fileRef = 8D54A93E1A14FE9800ABDAD2 /* background_cover_0@2x.png */; };
		8D54A9441A14FE9800ABDAD2 /* background_cover_1@2x.png in Resources */ = {isa = PBXBuildFile; fileRef = 8D54A93F1A14FE9800ABDAD2 /* background_cover_1@2x.png */; };
		8D54A9451A14FE9800ABDAD2 /* background_cover_2@2x.png in Resources */ = {isa = PBXBuildFile; fileRef = 8D54A9401A14FE9800ABDAD2 /* background_cover_2@2x.png */; };
		8D54A9461A14FE9800ABDAD2 /* personnage_cover_1@2x.png in Resources */ = {isa = PBXBuildFile; fileRef = 8D54A9411A14FE9800ABDAD2 /* personnage_cover_1@2x.png */; };
		8D54A9471A14FE9800ABDAD2 /* personnage_cover_2@2x.png in Resources */ = {isa = PBXBuildFile; fileRef = 8D54A9421A14FE9800ABDAD2 /* personnage_cover_2@2x.png */; };
		8D54A9661A150A3C00ABDAD2 /* Young-Serif-Regular.ttf in Resources */ = {isa = PBXBuildFile; fileRef = 8D54A9651A150A3C00ABDAD2 /* Young-Serif-Regular.ttf */; };
		8D54A9691A150DDB00ABDAD2 /* Circular-Std-Book.otf in Resources */ = {isa = PBXBuildFile; fileRef = 8D54A9681A150DDB00ABDAD2 /* Circular-Std-Book.otf */; };
		8D8C02D51A10CB6200904841 /* main.m in Sources */ = {isa = PBXBuildFile; fileRef = 8D8C02D41A10CB6200904841 /* main.m */; };
		8D8C02D81A10CB6200904841 /* AppDelegate.m in Sources */ = {isa = PBXBuildFile; fileRef = 8D8C02D71A10CB6200904841 /* AppDelegate.m */; };
		8D8C02DE1A10CB6200904841 /* Main.storyboard in Resources */ = {isa = PBXBuildFile; fileRef = 8D8C02DC1A10CB6200904841 /* Main.storyboard */; };
		8D8C02E01A10CB6200904841 /* Images.xcassets in Resources */ = {isa = PBXBuildFile; fileRef = 8D8C02DF1A10CB6200904841 /* Images.xcassets */; };
		8D8C02E31A10CB6200904841 /* LaunchScreen.xib in Resources */ = {isa = PBXBuildFile; fileRef = 8D8C02E11A10CB6200904841 /* LaunchScreen.xib */; };
		8D8C02EF1A10CB6300904841 /* StoriesTests.m in Sources */ = {isa = PBXBuildFile; fileRef = 8D8C02EE1A10CB6300904841 /* StoriesTests.m */; };
		8DB9C3D41A160BE200FBC975 /* JAFollowView.m in Sources */ = {isa = PBXBuildFile; fileRef = 8DB9C3D31A160BE200FBC975 /* JAFollowView.m */; };
		8DD244561A13850800FC7683 /* JACoverCollectionViewController.m in Sources */ = {isa = PBXBuildFile; fileRef = 8DD244551A13850800FC7683 /* JACoverCollectionViewController.m */; };
		8DD244591A13856000FC7683 /* JACoverCollectionViewCell.m in Sources */ = {isa = PBXBuildFile; fileRef = 8DD244581A13856000FC7683 /* JACoverCollectionViewCell.m */; };
/* End PBXBuildFile section */

/* Begin PBXContainerItemProxy section */
		8D8C02E91A10CB6300904841 /* PBXContainerItemProxy */ = {
			isa = PBXContainerItemProxy;
			containerPortal = 8D8C02C71A10CB6200904841 /* Project object */;
			proxyType = 1;
			remoteGlobalIDString = 8D8C02CE1A10CB6200904841;
			remoteInfo = Stories;
		};
/* End PBXContainerItemProxy section */

/* Begin PBXFileReference section */
		0A8783DB1A155CF50028437C /* JALoaderView.h */ = {isa = PBXFileReference; fileEncoding = 4; lastKnownFileType = sourcecode.c.h; path = JALoaderView.h; sourceTree = "<group>"; };
		0A8783DC1A155CF50028437C /* JALoaderView.m */ = {isa = PBXFileReference; fileEncoding = 4; lastKnownFileType = sourcecode.c.objc; path = JALoaderView.m; sourceTree = "<group>"; };
		0A8783E01A155DE80028437C /* loader_0@2x.png */ = {isa = PBXFileReference; lastKnownFileType = image.png; path = "loader_0@2x.png"; sourceTree = "<group>"; };
		0A8783E11A155DE80028437C /* loader_10@2x.png */ = {isa = PBXFileReference; lastKnownFileType = image.png; path = "loader_10@2x.png"; sourceTree = "<group>"; };
		0A8783E21A155DE80028437C /* loader_11@2x.png */ = {isa = PBXFileReference; lastKnownFileType = image.png; path = "loader_11@2x.png"; sourceTree = "<group>"; };
		0A8783E31A155DE80028437C /* loader_12@2x.png */ = {isa = PBXFileReference; lastKnownFileType = image.png; path = "loader_12@2x.png"; sourceTree = "<group>"; };
		0A8783E41A155DE80028437C /* loader_13@2x.png */ = {isa = PBXFileReference; lastKnownFileType = image.png; path = "loader_13@2x.png"; sourceTree = "<group>"; };
		0A8783E51A155DE80028437C /* loader_14@2x.png */ = {isa = PBXFileReference; lastKnownFileType = image.png; path = "loader_14@2x.png"; sourceTree = "<group>"; };
		0A8783E61A155DE80028437C /* loader_15@2x.png */ = {isa = PBXFileReference; lastKnownFileType = image.png; path = "loader_15@2x.png"; sourceTree = "<group>"; };
		0A8783E71A155DE80028437C /* loader_16@2x.png */ = {isa = PBXFileReference; lastKnownFileType = image.png; path = "loader_16@2x.png"; sourceTree = "<group>"; };
		0A8783E81A155DE80028437C /* loader_17@2x.png */ = {isa = PBXFileReference; lastKnownFileType = image.png; path = "loader_17@2x.png"; sourceTree = "<group>"; };
		0A8783E91A155DE80028437C /* loader_18@2x.png */ = {isa = PBXFileReference; lastKnownFileType = image.png; path = "loader_18@2x.png"; sourceTree = "<group>"; };
		0A8783EA1A155DE80028437C /* loader_19@2x.png */ = {isa = PBXFileReference; lastKnownFileType = image.png; path = "loader_19@2x.png"; sourceTree = "<group>"; };
		0A8783EB1A155DE80028437C /* loader_1@2x.png */ = {isa = PBXFileReference; lastKnownFileType = image.png; path = "loader_1@2x.png"; sourceTree = "<group>"; };
		0A8783EC1A155DE80028437C /* loader_20@2x.png */ = {isa = PBXFileReference; lastKnownFileType = image.png; path = "loader_20@2x.png"; sourceTree = "<group>"; };
		0A8783ED1A155DE80028437C /* loader_21@2x.png */ = {isa = PBXFileReference; lastKnownFileType = image.png; path = "loader_21@2x.png"; sourceTree = "<group>"; };
		0A8783EE1A155DE80028437C /* loader_22@2x.png */ = {isa = PBXFileReference; lastKnownFileType = image.png; path = "loader_22@2x.png"; sourceTree = "<group>"; };
		0A8783EF1A155DE80028437C /* loader_23@2x.png */ = {isa = PBXFileReference; lastKnownFileType = image.png; path = "loader_23@2x.png"; sourceTree = "<group>"; };
		0A8783F01A155DE80028437C /* loader_24@2x.png */ = {isa = PBXFileReference; lastKnownFileType = image.png; path = "loader_24@2x.png"; sourceTree = "<group>"; };
		0A8783F11A155DE80028437C /* loader_25@2x.png */ = {isa = PBXFileReference; lastKnownFileType = image.png; path = "loader_25@2x.png"; sourceTree = "<group>"; };
		0A8783F21A155DE80028437C /* loader_26@2x.png */ = {isa = PBXFileReference; lastKnownFileType = image.png; path = "loader_26@2x.png"; sourceTree = "<group>"; };
		0A8783F31A155DE80028437C /* loader_27@2x.png */ = {isa = PBXFileReference; lastKnownFileType = image.png; path = "loader_27@2x.png"; sourceTree = "<group>"; };
		0A8783F41A155DE80028437C /* loader_28@2x.png */ = {isa = PBXFileReference; lastKnownFileType = image.png; path = "loader_28@2x.png"; sourceTree = "<group>"; };
		0A8783F51A155DE80028437C /* loader_29@2x.png */ = {isa = PBXFileReference; lastKnownFileType = image.png; path = "loader_29@2x.png"; sourceTree = "<group>"; };
		0A8783F61A155DE80028437C /* loader_2@2x.png */ = {isa = PBXFileReference; lastKnownFileType = image.png; path = "loader_2@2x.png"; sourceTree = "<group>"; };
		0A8783F71A155DE80028437C /* loader_30@2x.png */ = {isa = PBXFileReference; lastKnownFileType = image.png; path = "loader_30@2x.png"; sourceTree = "<group>"; };
		0A8783F81A155DE80028437C /* loader_31@2x.png */ = {isa = PBXFileReference; lastKnownFileType = image.png; path = "loader_31@2x.png"; sourceTree = "<group>"; };
		0A8783F91A155DE80028437C /* loader_32@2x.png */ = {isa = PBXFileReference; lastKnownFileType = image.png; path = "loader_32@2x.png"; sourceTree = "<group>"; };
		0A8783FA1A155DE80028437C /* loader_33@2x.png */ = {isa = PBXFileReference; lastKnownFileType = image.png; path = "loader_33@2x.png"; sourceTree = "<group>"; };
		0A8783FB1A155DE80028437C /* loader_34@2x.png */ = {isa = PBXFileReference; lastKnownFileType = image.png; path = "loader_34@2x.png"; sourceTree = "<group>"; };
		0A8783FC1A155DE80028437C /* loader_35@2x.png */ = {isa = PBXFileReference; lastKnownFileType = image.png; path = "loader_35@2x.png"; sourceTree = "<group>"; };
		0A8783FD1A155DE80028437C /* loader_36@2x.png */ = {isa = PBXFileReference; lastKnownFileType = image.png; path = "loader_36@2x.png"; sourceTree = "<group>"; };
		0A8783FE1A155DE80028437C /* loader_37@2x.png */ = {isa = PBXFileReference; lastKnownFileType = image.png; path = "loader_37@2x.png"; sourceTree = "<group>"; };
		0A8783FF1A155DE80028437C /* loader_38@2x.png */ = {isa = PBXFileReference; lastKnownFileType = image.png; path = "loader_38@2x.png"; sourceTree = "<group>"; };
		0A8784001A155DE80028437C /* loader_39@2x.png */ = {isa = PBXFileReference; lastKnownFileType = image.png; path = "loader_39@2x.png"; sourceTree = "<group>"; };
		0A8784011A155DE80028437C /* loader_3@2x.png */ = {isa = PBXFileReference; lastKnownFileType = image.png; path = "loader_3@2x.png"; sourceTree = "<group>"; };
		0A8784021A155DE80028437C /* loader_4@2x.png */ = {isa = PBXFileReference; lastKnownFileType = image.png; path = "loader_4@2x.png"; sourceTree = "<group>"; };
		0A8784031A155DE80028437C /* loader_5@2x.png */ = {isa = PBXFileReference; lastKnownFileType = image.png; path = "loader_5@2x.png"; sourceTree = "<group>"; };
		0A8784041A155DE80028437C /* loader_6@2x.png */ = {isa = PBXFileReference; lastKnownFileType = image.png; path = "loader_6@2x.png"; sourceTree = "<group>"; };
		0A8784051A155DE80028437C /* loader_7@2x.png */ = {isa = PBXFileReference; lastKnownFileType = image.png; path = "loader_7@2x.png"; sourceTree = "<group>"; };
		0A8784061A155DE80028437C /* loader_8@2x.png */ = {isa = PBXFileReference; lastKnownFileType = image.png; path = "loader_8@2x.png"; sourceTree = "<group>"; };
		0A8784071A155DE80028437C /* loader_9@2x.png */ = {isa = PBXFileReference; lastKnownFileType = image.png; path = "loader_9@2x.png"; sourceTree = "<group>"; };
		770CB9111A232FB8002817BE /* Base */ = {isa = PBXFileReference; lastKnownFileType = file.storyboard; name = Base; path = Base.lproj/Article.storyboard; sourceTree = "<group>"; };
		770CB9141A233006002817BE /* JAArticleCollectionViewController.h */ = {isa = PBXFileReference; fileEncoding = 4; lastKnownFileType = sourcecode.c.h; name = JAArticleCollectionViewController.h; path = Stories/JAArticleCollectionViewController.h; sourceTree = "<group>"; };
		770CB9151A233006002817BE /* JACreditsCollectionViewCell.h */ = {isa = PBXFileReference; fileEncoding = 4; lastKnownFileType = sourcecode.c.h; path = JACreditsCollectionViewCell.h; sourceTree = "<group>"; };
		770CB9161A233006002817BE /* JACreditsCollectionViewCell.m */ = {isa = PBXFileReference; fileEncoding = 4; lastKnownFileType = sourcecode.c.objc; path = JACreditsCollectionViewCell.m; sourceTree = "<group>"; };
		770CB9171A233006002817BE /* JAImageCollectionViewCell.h */ = {isa = PBXFileReference; fileEncoding = 4; lastKnownFileType = sourcecode.c.h; path = JAImageCollectionViewCell.h; sourceTree = "<group>"; };
		770CB9181A233006002817BE /* JAImageCollectionViewCell.m */ = {isa = PBXFileReference; fileEncoding = 4; lastKnownFileType = sourcecode.c.objc; path = JAImageCollectionViewCell.m; sourceTree = "<group>"; };
		770CB9191A233006002817BE /* JAKeyNumberCollectionViewCell.h */ = {isa = PBXFileReference; fileEncoding = 4; lastKnownFileType = sourcecode.c.h; path = JAKeyNumberCollectionViewCell.h; sourceTree = "<group>"; };
		770CB91A1A233006002817BE /* JAKeyNumberCollectionViewCell.m */ = {isa = PBXFileReference; fileEncoding = 4; lastKnownFileType = sourcecode.c.objc; path = JAKeyNumberCollectionViewCell.m; sourceTree = "<group>"; };
		770CB91B1A233006002817BE /* JAParagraphCollectionViewCell.h */ = {isa = PBXFileReference; fileEncoding = 4; lastKnownFileType = sourcecode.c.h; path = JAParagraphCollectionViewCell.h; sourceTree = "<group>"; };
		770CB91C1A233006002817BE /* JAParagraphCollectionViewCell.m */ = {isa = PBXFileReference; fileEncoding = 4; lastKnownFileType = sourcecode.c.objc; path = JAParagraphCollectionViewCell.m; sourceTree = "<group>"; };
		770CB91D1A233006002817BE /* JAQuotesCollectionViewCell.h */ = {isa = PBXFileReference; fileEncoding = 4; lastKnownFileType = sourcecode.c.h; path = JAQuotesCollectionViewCell.h; sourceTree = "<group>"; };
		770CB91E1A233006002817BE /* JAQuotesCollectionViewCell.m */ = {isa = PBXFileReference; fileEncoding = 4; lastKnownFileType = sourcecode.c.objc; path = JAQuotesCollectionViewCell.m; sourceTree = "<group>"; };
		770CB91F1A233006002817BE /* JAResumeCollectionViewCell.h */ = {isa = PBXFileReference; fileEncoding = 4; lastKnownFileType = sourcecode.c.h; path = JAResumeCollectionViewCell.h; sourceTree = "<group>"; };
		770CB9201A233006002817BE /* JAResumeCollectionViewCell.m */ = {isa = PBXFileReference; fileEncoding = 4; lastKnownFileType = sourcecode.c.objc; path = JAResumeCollectionViewCell.m; sourceTree = "<group>"; };
		770CB9211A233006002817BE /* JATitleCollectionViewCell.h */ = {isa = PBXFileReference; fileEncoding = 4; lastKnownFileType = sourcecode.c.h; path = JATitleCollectionViewCell.h; sourceTree = "<group>"; };
		770CB9281A233014002817BE /* JAArticleCollectionViewController.m */ = {isa = PBXFileReference; fileEncoding = 4; lastKnownFileType = sourcecode.c.objc; name = JAArticleCollectionViewController.m; path = Stories/JAArticleCollectionViewController.m; sourceTree = "<group>"; };
		770CB9291A233014002817BE /* JATitleCollectionViewCell.m */ = {isa = PBXFileReference; fileEncoding = 4; lastKnownFileType = sourcecode.c.objc; path = JATitleCollectionViewCell.m; sourceTree = "<group>"; };
		8D54A8F31A14DC9A00ABDAD2 /* SystemConfiguration.framework */ = {isa = PBXFileReference; lastKnownFileType = wrapper.framework; name = SystemConfiguration.framework; path = System/Library/Frameworks/SystemConfiguration.framework; sourceTree = SDKROOT; };
		8D54A8F71A14DD9C00ABDAD2 /* JAStorieModel.h */ = {isa = PBXFileReference; fileEncoding = 4; lastKnownFileType = sourcecode.c.h; path = JAStorieModel.h; sourceTree = "<group>"; };
		8D54A8F81A14DD9C00ABDAD2 /* JAStorieModel.m */ = {isa = PBXFileReference; fileEncoding = 4; lastKnownFileType = sourcecode.c.objc; path = JAStorieModel.m; sourceTree = "<group>"; };
		8D54A8FA1A14DED600ABDAD2 /* JACoverModel.h */ = {isa = PBXFileReference; fileEncoding = 4; lastKnownFileType = sourcecode.c.h; path = JACoverModel.h; sourceTree = "<group>"; };
		8D54A8FB1A14DED600ABDAD2 /* JACoverModel.m */ = {isa = PBXFileReference; fileEncoding = 4; lastKnownFileType = sourcecode.c.objc; path = JACoverModel.m; sourceTree = "<group>"; };
		8D54A9001A14E00A00ABDAD2 /* JAChapterModel.h */ = {isa = PBXFileReference; fileEncoding = 4; lastKnownFileType = sourcecode.c.h; path = JAChapterModel.h; sourceTree = "<group>"; };
		8D54A9011A14E00A00ABDAD2 /* JAChapterModel.m */ = {isa = PBXFileReference; fileEncoding = 4; lastKnownFileType = sourcecode.c.objc; path = JAChapterModel.m; sourceTree = "<group>"; };
		8D54A9031A14E3E900ABDAD2 /* JAArticleModel.h */ = {isa = PBXFileReference; fileEncoding = 4; lastKnownFileType = sourcecode.c.h; path = JAArticleModel.h; sourceTree = "<group>"; };
		8D54A9041A14E3E900ABDAD2 /* JAArticleModel.m */ = {isa = PBXFileReference; fileEncoding = 4; lastKnownFileType = sourcecode.c.objc; path = JAArticleModel.m; sourceTree = "<group>"; };
		8D54A9061A14E53700ABDAD2 /* JABlockModel.h */ = {isa = PBXFileReference; fileEncoding = 4; lastKnownFileType = sourcecode.c.h; path = JABlockModel.h; sourceTree = "<group>"; };
		8D54A9071A14E53700ABDAD2 /* JABlockModel.m */ = {isa = PBXFileReference; fileEncoding = 4; lastKnownFileType = sourcecode.c.objc; path = JABlockModel.m; sourceTree = "<group>"; };
		8D54A9091A14E5DD00ABDAD2 /* JACreditModel.h */ = {isa = PBXFileReference; fileEncoding = 4; lastKnownFileType = sourcecode.c.h; path = JACreditModel.h; sourceTree = "<group>"; };
		8D54A90A1A14E5DD00ABDAD2 /* JACreditModel.m */ = {isa = PBXFileReference; fileEncoding = 4; lastKnownFileType = sourcecode.c.objc; path = JACreditModel.m; sourceTree = "<group>"; };
		8D54A90C1A14E85E00ABDAD2 /* JAStoriesModel.h */ = {isa = PBXFileReference; fileEncoding = 4; lastKnownFileType = sourcecode.c.h; path = JAStoriesModel.h; sourceTree = "<group>"; };
		8D54A90D1A14E85E00ABDAD2 /* JAStoriesModel.m */ = {isa = PBXFileReference; fileEncoding = 4; lastKnownFileType = sourcecode.c.objc; path = JAStoriesModel.m; sourceTree = "<group>"; };
		8D54A9111A14E9AF00ABDAD2 /* stories.json */ = {isa = PBXFileReference; fileEncoding = 4; lastKnownFileType = text.json; name = stories.json; path = Stories/stories.json; sourceTree = "<group>"; };
		8D54A9151A14EB8600ABDAD2 /* JSONModel.h */ = {isa = PBXFileReference; fileEncoding = 4; lastKnownFileType = sourcecode.c.h; path = JSONModel.h; sourceTree = "<group>"; };
		8D54A9161A14EB8600ABDAD2 /* JSONModel.m */ = {isa = PBXFileReference; fileEncoding = 4; lastKnownFileType = sourcecode.c.objc; path = JSONModel.m; sourceTree = "<group>"; };
		8D54A9171A14EB8600ABDAD2 /* JSONModelArray.h */ = {isa = PBXFileReference; fileEncoding = 4; lastKnownFileType = sourcecode.c.h; path = JSONModelArray.h; sourceTree = "<group>"; };
		8D54A9181A14EB8600ABDAD2 /* JSONModelArray.m */ = {isa = PBXFileReference; fileEncoding = 4; lastKnownFileType = sourcecode.c.objc; path = JSONModelArray.m; sourceTree = "<group>"; };
		8D54A9191A14EB8600ABDAD2 /* JSONModelClassProperty.h */ = {isa = PBXFileReference; fileEncoding = 4; lastKnownFileType = sourcecode.c.h; path = JSONModelClassProperty.h; sourceTree = "<group>"; };
		8D54A91A1A14EB8600ABDAD2 /* JSONModelClassProperty.m */ = {isa = PBXFileReference; fileEncoding = 4; lastKnownFileType = sourcecode.c.objc; path = JSONModelClassProperty.m; sourceTree = "<group>"; };
		8D54A91B1A14EB8600ABDAD2 /* JSONModelError.h */ = {isa = PBXFileReference; fileEncoding = 4; lastKnownFileType = sourcecode.c.h; path = JSONModelError.h; sourceTree = "<group>"; };
		8D54A91C1A14EB8600ABDAD2 /* JSONModelError.m */ = {isa = PBXFileReference; fileEncoding = 4; lastKnownFileType = sourcecode.c.objc; path = JSONModelError.m; sourceTree = "<group>"; };
		8D54A91E1A14EB8600ABDAD2 /* NSArray+JSONModel.h */ = {isa = PBXFileReference; fileEncoding = 4; lastKnownFileType = sourcecode.c.h; path = "NSArray+JSONModel.h"; sourceTree = "<group>"; };
		8D54A91F1A14EB8600ABDAD2 /* NSArray+JSONModel.m */ = {isa = PBXFileReference; fileEncoding = 4; lastKnownFileType = sourcecode.c.objc; path = "NSArray+JSONModel.m"; sourceTree = "<group>"; };
		8D54A9201A14EB8600ABDAD2 /* JSONModelLib.h */ = {isa = PBXFileReference; fileEncoding = 4; lastKnownFileType = sourcecode.c.h; path = JSONModelLib.h; sourceTree = "<group>"; };
		8D54A9221A14EB8600ABDAD2 /* JSONAPI.h */ = {isa = PBXFileReference; fileEncoding = 4; lastKnownFileType = sourcecode.c.h; path = JSONAPI.h; sourceTree = "<group>"; };
		8D54A9231A14EB8600ABDAD2 /* JSONAPI.m */ = {isa = PBXFileReference; fileEncoding = 4; lastKnownFileType = sourcecode.c.objc; path = JSONAPI.m; sourceTree = "<group>"; };
		8D54A9241A14EB8600ABDAD2 /* JSONHTTPClient.h */ = {isa = PBXFileReference; fileEncoding = 4; lastKnownFileType = sourcecode.c.h; path = JSONHTTPClient.h; sourceTree = "<group>"; };
		8D54A9251A14EB8600ABDAD2 /* JSONHTTPClient.m */ = {isa = PBXFileReference; fileEncoding = 4; lastKnownFileType = sourcecode.c.objc; path = JSONHTTPClient.m; sourceTree = "<group>"; };
		8D54A9261A14EB8600ABDAD2 /* JSONModel+networking.h */ = {isa = PBXFileReference; fileEncoding = 4; lastKnownFileType = sourcecode.c.h; path = "JSONModel+networking.h"; sourceTree = "<group>"; };
		8D54A9271A14EB8600ABDAD2 /* JSONModel+networking.m */ = {isa = PBXFileReference; fileEncoding = 4; lastKnownFileType = sourcecode.c.objc; path = "JSONModel+networking.m"; sourceTree = "<group>"; };
		8D54A9291A14EB8600ABDAD2 /* JSONKeyMapper.h */ = {isa = PBXFileReference; fileEncoding = 4; lastKnownFileType = sourcecode.c.h; path = JSONKeyMapper.h; sourceTree = "<group>"; };
		8D54A92A1A14EB8600ABDAD2 /* JSONKeyMapper.m */ = {isa = PBXFileReference; fileEncoding = 4; lastKnownFileType = sourcecode.c.objc; path = JSONKeyMapper.m; sourceTree = "<group>"; };
		8D54A92B1A14EB8600ABDAD2 /* JSONValueTransformer.h */ = {isa = PBXFileReference; fileEncoding = 4; lastKnownFileType = sourcecode.c.h; path = JSONValueTransformer.h; sourceTree = "<group>"; };
		8D54A92C1A14EB8600ABDAD2 /* JSONValueTransformer.m */ = {isa = PBXFileReference; fileEncoding = 4; lastKnownFileType = sourcecode.c.objc; path = JSONValueTransformer.m; sourceTree = "<group>"; };
		8D54A9391A14FBA000ABDAD2 /* JAManagerData.h */ = {isa = PBXFileReference; fileEncoding = 4; lastKnownFileType = sourcecode.c.h; path = JAManagerData.h; sourceTree = "<group>"; };
		8D54A93A1A14FBA000ABDAD2 /* JAManagerData.m */ = {isa = PBXFileReference; fileEncoding = 4; lastKnownFileType = sourcecode.c.objc; path = JAManagerData.m; sourceTree = "<group>"; };
		8D54A93E1A14FE9800ABDAD2 /* background_cover_0@2x.png */ = {isa = PBXFileReference; lastKnownFileType = image.png; path = "background_cover_0@2x.png"; sourceTree = "<group>"; };
		8D54A93F1A14FE9800ABDAD2 /* background_cover_1@2x.png */ = {isa = PBXFileReference; lastKnownFileType = image.png; path = "background_cover_1@2x.png"; sourceTree = "<group>"; };
		8D54A9401A14FE9800ABDAD2 /* background_cover_2@2x.png */ = {isa = PBXFileReference; lastKnownFileType = image.png; path = "background_cover_2@2x.png"; sourceTree = "<group>"; };
		8D54A9411A14FE9800ABDAD2 /* personnage_cover_1@2x.png */ = {isa = PBXFileReference; lastKnownFileType = image.png; path = "personnage_cover_1@2x.png"; sourceTree = "<group>"; };
		8D54A9421A14FE9800ABDAD2 /* personnage_cover_2@2x.png */ = {isa = PBXFileReference; lastKnownFileType = image.png; path = "personnage_cover_2@2x.png"; sourceTree = "<group>"; };
		8D54A95B1A1508A200ABDAD2 /* Circular Std Black Italic.otf */ = {isa = PBXFileReference; lastKnownFileType = file; name = "Circular Std Black Italic.otf"; path = "Stories/Fonts/Circular Std Black Italic.otf"; sourceTree = "<group>"; };
		8D54A95C1A1508A200ABDAD2 /* Circular Std Black.otf */ = {isa = PBXFileReference; lastKnownFileType = file; name = "Circular Std Black.otf"; path = "Stories/Fonts/Circular Std Black.otf"; sourceTree = "<group>"; };
		8D54A95D1A1508A200ABDAD2 /* Circular Std Bold Italic.otf */ = {isa = PBXFileReference; lastKnownFileType = file; name = "Circular Std Bold Italic.otf"; path = "Stories/Fonts/Circular Std Bold Italic.otf"; sourceTree = "<group>"; };
		8D54A95E1A1508A200ABDAD2 /* Circular Std Bold.otf */ = {isa = PBXFileReference; lastKnownFileType = file; name = "Circular Std Bold.otf"; path = "Stories/Fonts/Circular Std Bold.otf"; sourceTree = "<group>"; };
		8D54A95F1A1508A200ABDAD2 /* Circular Std Book Italic.otf */ = {isa = PBXFileReference; lastKnownFileType = file; name = "Circular Std Book Italic.otf"; path = "Stories/Fonts/Circular Std Book Italic.otf"; sourceTree = "<group>"; };
		8D54A9611A1508A200ABDAD2 /* Circular Std Medium Italic.otf */ = {isa = PBXFileReference; lastKnownFileType = file; name = "Circular Std Medium Italic.otf"; path = "Stories/Fonts/Circular Std Medium Italic.otf"; sourceTree = "<group>"; };
		8D54A9621A1508A200ABDAD2 /* Circular Std Medium.otf */ = {isa = PBXFileReference; lastKnownFileType = file; name = "Circular Std Medium.otf"; path = "Stories/Fonts/Circular Std Medium.otf"; sourceTree = "<group>"; };
		8D54A9651A150A3C00ABDAD2 /* Young-Serif-Regular.ttf */ = {isa = PBXFileReference; lastKnownFileType = file; name = "Young-Serif-Regular.ttf"; path = "Stories/Fonts/Young-Serif-Regular.ttf"; sourceTree = "<group>"; };
		8D54A9681A150DDB00ABDAD2 /* Circular-Std-Book.otf */ = {isa = PBXFileReference; lastKnownFileType = file; name = "Circular-Std-Book.otf"; path = "Stories/Fonts/Circular-Std-Book.otf"; sourceTree = "<group>"; };
		8D8C02CF1A10CB6200904841 /* Stories.app */ = {isa = PBXFileReference; explicitFileType = wrapper.application; includeInIndex = 0; path = Stories.app; sourceTree = BUILT_PRODUCTS_DIR; };
		8D8C02D31A10CB6200904841 /* Info.plist */ = {isa = PBXFileReference; lastKnownFileType = text.plist.xml; path = Info.plist; sourceTree = "<group>"; };
		8D8C02D41A10CB6200904841 /* main.m */ = {isa = PBXFileReference; lastKnownFileType = sourcecode.c.objc; path = main.m; sourceTree = "<group>"; };
		8D8C02D61A10CB6200904841 /* AppDelegate.h */ = {isa = PBXFileReference; lastKnownFileType = sourcecode.c.h; path = AppDelegate.h; sourceTree = "<group>"; };
		8D8C02D71A10CB6200904841 /* AppDelegate.m */ = {isa = PBXFileReference; lastKnownFileType = sourcecode.c.objc; path = AppDelegate.m; sourceTree = "<group>"; };
		8D8C02DD1A10CB6200904841 /* Base */ = {isa = PBXFileReference; lastKnownFileType = file.storyboard; name = Base; path = Base.lproj/Main.storyboard; sourceTree = "<group>"; };
		8D8C02DF1A10CB6200904841 /* Images.xcassets */ = {isa = PBXFileReference; lastKnownFileType = folder.assetcatalog; path = Images.xcassets; sourceTree = "<group>"; };
		8D8C02E21A10CB6200904841 /* Base */ = {isa = PBXFileReference; lastKnownFileType = file.xib; name = Base; path = Base.lproj/LaunchScreen.xib; sourceTree = "<group>"; };
		8D8C02E81A10CB6300904841 /* StoriesTests.xctest */ = {isa = PBXFileReference; explicitFileType = wrapper.cfbundle; includeInIndex = 0; path = StoriesTests.xctest; sourceTree = BUILT_PRODUCTS_DIR; };
		8D8C02ED1A10CB6300904841 /* Info.plist */ = {isa = PBXFileReference; lastKnownFileType = text.plist.xml; path = Info.plist; sourceTree = "<group>"; };
		8D8C02EE1A10CB6300904841 /* StoriesTests.m */ = {isa = PBXFileReference; lastKnownFileType = sourcecode.c.objc; path = StoriesTests.m; sourceTree = "<group>"; };
		8DB9C3D21A160BE200FBC975 /* JAFollowView.h */ = {isa = PBXFileReference; fileEncoding = 4; lastKnownFileType = sourcecode.c.h; path = JAFollowView.h; sourceTree = "<group>"; };
		8DB9C3D31A160BE200FBC975 /* JAFollowView.m */ = {isa = PBXFileReference; fileEncoding = 4; lastKnownFileType = sourcecode.c.objc; path = JAFollowView.m; sourceTree = "<group>"; };
		8DD244541A13850800FC7683 /* JACoverCollectionViewController.h */ = {isa = PBXFileReference; fileEncoding = 4; lastKnownFileType = sourcecode.c.h; name = JACoverCollectionViewController.h; path = Stories/JACoverCollectionViewController.h; sourceTree = "<group>"; };
		8DD244551A13850800FC7683 /* JACoverCollectionViewController.m */ = {isa = PBXFileReference; fileEncoding = 4; lastKnownFileType = sourcecode.c.objc; name = JACoverCollectionViewController.m; path = Stories/JACoverCollectionViewController.m; sourceTree = "<group>"; };
		8DD244571A13856000FC7683 /* JACoverCollectionViewCell.h */ = {isa = PBXFileReference; fileEncoding = 4; lastKnownFileType = sourcecode.c.h; name = JACoverCollectionViewCell.h; path = Stories/JACoverCollectionViewCell.h; sourceTree = "<group>"; };
		8DD244581A13856000FC7683 /* JACoverCollectionViewCell.m */ = {isa = PBXFileReference; fileEncoding = 4; lastKnownFileType = sourcecode.c.objc; name = JACoverCollectionViewCell.m; path = Stories/JACoverCollectionViewCell.m; sourceTree = "<group>"; };
/* End PBXFileReference section */

/* Begin PBXFrameworksBuildPhase section */
		8D8C02CC1A10CB6200904841 /* Frameworks */ = {
			isa = PBXFrameworksBuildPhase;
			buildActionMask = 2147483647;
			files = (
				8D54A8F61A14DCDA00ABDAD2 /* SystemConfiguration.framework in Frameworks */,
			);
			runOnlyForDeploymentPostprocessing = 0;
		};
		8D8C02E51A10CB6300904841 /* Frameworks */ = {
			isa = PBXFrameworksBuildPhase;
			buildActionMask = 2147483647;
			files = (
			);
			runOnlyForDeploymentPostprocessing = 0;
		};
/* End PBXFrameworksBuildPhase section */

/* Begin PBXGroup section */
		0A525C5C1A116DBD00C33D2C /* Ressources */ = {
			isa = PBXGroup;
			children = (
				8D54A93C1A14FE9800ABDAD2 /* Images */,
				8D54A9481A15085600ABDAD2 /* Fonts */,
				8D54A9111A14E9AF00ABDAD2 /* stories.json */,
			);
			name = Ressources;
			path = ..;
			sourceTree = "<group>";
		};
		0A8783DE1A155CFC0028437C /* VIews */ = {
			isa = PBXGroup;
			children = (
				770CB9131A232FED002817BE /* ArticleCellViews */,
				0A8783DB1A155CF50028437C /* JALoaderView.h */,
				0A8783DC1A155CF50028437C /* JALoaderView.m */,
				8DB9C3D21A160BE200FBC975 /* JAFollowView.h */,
				8DB9C3D31A160BE200FBC975 /* JAFollowView.m */,
			);
			name = VIews;
			sourceTree = "<group>";
		};
		0A8783DF1A155DE80028437C /* Loader */ = {
			isa = PBXGroup;
			children = (
				0A8783E01A155DE80028437C /* loader_0@2x.png */,
				0A8783E11A155DE80028437C /* loader_10@2x.png */,
				0A8783E21A155DE80028437C /* loader_11@2x.png */,
				0A8783E31A155DE80028437C /* loader_12@2x.png */,
				0A8783E41A155DE80028437C /* loader_13@2x.png */,
				0A8783E51A155DE80028437C /* loader_14@2x.png */,
				0A8783E61A155DE80028437C /* loader_15@2x.png */,
				0A8783E71A155DE80028437C /* loader_16@2x.png */,
				0A8783E81A155DE80028437C /* loader_17@2x.png */,
				0A8783E91A155DE80028437C /* loader_18@2x.png */,
				0A8783EA1A155DE80028437C /* loader_19@2x.png */,
				0A8783EB1A155DE80028437C /* loader_1@2x.png */,
				0A8783EC1A155DE80028437C /* loader_20@2x.png */,
				0A8783ED1A155DE80028437C /* loader_21@2x.png */,
				0A8783EE1A155DE80028437C /* loader_22@2x.png */,
				0A8783EF1A155DE80028437C /* loader_23@2x.png */,
				0A8783F01A155DE80028437C /* loader_24@2x.png */,
				0A8783F11A155DE80028437C /* loader_25@2x.png */,
				0A8783F21A155DE80028437C /* loader_26@2x.png */,
				0A8783F31A155DE80028437C /* loader_27@2x.png */,
				0A8783F41A155DE80028437C /* loader_28@2x.png */,
				0A8783F51A155DE80028437C /* loader_29@2x.png */,
				0A8783F61A155DE80028437C /* loader_2@2x.png */,
				0A8783F71A155DE80028437C /* loader_30@2x.png */,
				0A8783F81A155DE80028437C /* loader_31@2x.png */,
				0A8783F91A155DE80028437C /* loader_32@2x.png */,
				0A8783FA1A155DE80028437C /* loader_33@2x.png */,
				0A8783FB1A155DE80028437C /* loader_34@2x.png */,
				0A8783FC1A155DE80028437C /* loader_35@2x.png */,
				0A8783FD1A155DE80028437C /* loader_36@2x.png */,
				0A8783FE1A155DE80028437C /* loader_37@2x.png */,
				0A8783FF1A155DE80028437C /* loader_38@2x.png */,
				0A8784001A155DE80028437C /* loader_39@2x.png */,
				0A8784011A155DE80028437C /* loader_3@2x.png */,
				0A8784021A155DE80028437C /* loader_4@2x.png */,
				0A8784031A155DE80028437C /* loader_5@2x.png */,
				0A8784041A155DE80028437C /* loader_6@2x.png */,
				0A8784051A155DE80028437C /* loader_7@2x.png */,
				0A8784061A155DE80028437C /* loader_8@2x.png */,
				0A8784071A155DE80028437C /* loader_9@2x.png */,
			);
			path = Loader;
			sourceTree = "<group>";
		};
		770CB90F1A232F9B002817BE /* Article */ = {
			isa = PBXGroup;
			children = (
				770CB9281A233014002817BE /* JAArticleCollectionViewController.m */,
				770CB9141A233006002817BE /* JAArticleCollectionViewController.h */,
			);
			name = Article;
			sourceTree = "<group>";
		};
		770CB9131A232FED002817BE /* ArticleCellViews */ = {
			isa = PBXGroup;
			children = (
				770CB9211A233006002817BE /* JATitleCollectionViewCell.h */,
				770CB9291A233014002817BE /* JATitleCollectionViewCell.m */,
				770CB9151A233006002817BE /* JACreditsCollectionViewCell.h */,
				770CB9161A233006002817BE /* JACreditsCollectionViewCell.m */,
				770CB9171A233006002817BE /* JAImageCollectionViewCell.h */,
				770CB9181A233006002817BE /* JAImageCollectionViewCell.m */,
				770CB9191A233006002817BE /* JAKeyNumberCollectionViewCell.h */,
				770CB91A1A233006002817BE /* JAKeyNumberCollectionViewCell.m */,
				770CB91B1A233006002817BE /* JAParagraphCollectionViewCell.h */,
				770CB91C1A233006002817BE /* JAParagraphCollectionViewCell.m */,
				770CB91D1A233006002817BE /* JAQuotesCollectionViewCell.h */,
				770CB91E1A233006002817BE /* JAQuotesCollectionViewCell.m */,
				770CB91F1A233006002817BE /* JAResumeCollectionViewCell.h */,
				770CB9201A233006002817BE /* JAResumeCollectionViewCell.m */,
			);
			name = ArticleCellViews;
			sourceTree = "<group>";
		};
		8D54A8FD1A14DEEB00ABDAD2 /* Model */ = {
			isa = PBXGroup;
			children = (
				8D54A9091A14E5DD00ABDAD2 /* JACreditModel.h */,
				8D54A90A1A14E5DD00ABDAD2 /* JACreditModel.m */,
				8D54A9061A14E53700ABDAD2 /* JABlockModel.h */,
				8D54A9071A14E53700ABDAD2 /* JABlockModel.m */,
				8D54A9031A14E3E900ABDAD2 /* JAArticleModel.h */,
				8D54A9041A14E3E900ABDAD2 /* JAArticleModel.m */,
				8D54A9001A14E00A00ABDAD2 /* JAChapterModel.h */,
				8D54A9011A14E00A00ABDAD2 /* JAChapterModel.m */,
				8D54A8FA1A14DED600ABDAD2 /* JACoverModel.h */,
				8D54A8FB1A14DED600ABDAD2 /* JACoverModel.m */,
				8D54A8F71A14DD9C00ABDAD2 /* JAStorieModel.h */,
				8D54A8F81A14DD9C00ABDAD2 /* JAStorieModel.m */,
				8D54A90C1A14E85E00ABDAD2 /* JAStoriesModel.h */,
				8D54A90D1A14E85E00ABDAD2 /* JAStoriesModel.m */,
			);
			name = Model;
			sourceTree = "<group>";
		};
		8D54A9131A14EB8600ABDAD2 /* JSONModel */ = {
			isa = PBXGroup;
			children = (
				8D54A9141A14EB8600ABDAD2 /* JSONModel */,
				8D54A91D1A14EB8600ABDAD2 /* JSONModelCategories */,
				8D54A9201A14EB8600ABDAD2 /* JSONModelLib.h */,
				8D54A9211A14EB8600ABDAD2 /* JSONModelNetworking */,
				8D54A9281A14EB8600ABDAD2 /* JSONModelTransformations */,
			);
			name = JSONModel;
			path = Stories/JSONModel;
			sourceTree = "<group>";
		};
		8D54A9141A14EB8600ABDAD2 /* JSONModel */ = {
			isa = PBXGroup;
			children = (
				8D54A9151A14EB8600ABDAD2 /* JSONModel.h */,
				8D54A9161A14EB8600ABDAD2 /* JSONModel.m */,
				8D54A9171A14EB8600ABDAD2 /* JSONModelArray.h */,
				8D54A9181A14EB8600ABDAD2 /* JSONModelArray.m */,
				8D54A9191A14EB8600ABDAD2 /* JSONModelClassProperty.h */,
				8D54A91A1A14EB8600ABDAD2 /* JSONModelClassProperty.m */,
				8D54A91B1A14EB8600ABDAD2 /* JSONModelError.h */,
				8D54A91C1A14EB8600ABDAD2 /* JSONModelError.m */,
			);
			path = JSONModel;
			sourceTree = "<group>";
		};
		8D54A91D1A14EB8600ABDAD2 /* JSONModelCategories */ = {
			isa = PBXGroup;
			children = (
				8D54A91E1A14EB8600ABDAD2 /* NSArray+JSONModel.h */,
				8D54A91F1A14EB8600ABDAD2 /* NSArray+JSONModel.m */,
			);
			path = JSONModelCategories;
			sourceTree = "<group>";
		};
		8D54A9211A14EB8600ABDAD2 /* JSONModelNetworking */ = {
			isa = PBXGroup;
			children = (
				8D54A9221A14EB8600ABDAD2 /* JSONAPI.h */,
				8D54A9231A14EB8600ABDAD2 /* JSONAPI.m */,
				8D54A9241A14EB8600ABDAD2 /* JSONHTTPClient.h */,
				8D54A9251A14EB8600ABDAD2 /* JSONHTTPClient.m */,
				8D54A9261A14EB8600ABDAD2 /* JSONModel+networking.h */,
				8D54A9271A14EB8600ABDAD2 /* JSONModel+networking.m */,
			);
			path = JSONModelNetworking;
			sourceTree = "<group>";
		};
		8D54A9281A14EB8600ABDAD2 /* JSONModelTransformations */ = {
			isa = PBXGroup;
			children = (
				8D54A9291A14EB8600ABDAD2 /* JSONKeyMapper.h */,
				8D54A92A1A14EB8600ABDAD2 /* JSONKeyMapper.m */,
				8D54A92B1A14EB8600ABDAD2 /* JSONValueTransformer.h */,
				8D54A92C1A14EB8600ABDAD2 /* JSONValueTransformer.m */,
			);
			path = JSONModelTransformations;
			sourceTree = "<group>";
		};
		8D54A9371A14FAF400ABDAD2 /* ViewControllers */ = {
			isa = PBXGroup;
			children = (
				770CB90F1A232F9B002817BE /* Article */,
				8D54A9381A14FB0700ABDAD2 /* Cover */,
			);
			name = ViewControllers;
			path = ..;
			sourceTree = "<group>";
		};
		8D54A9381A14FB0700ABDAD2 /* Cover */ = {
			isa = PBXGroup;
			children = (
				8DD244541A13850800FC7683 /* JACoverCollectionViewController.h */,
				8DD244551A13850800FC7683 /* JACoverCollectionViewController.m */,
				8DD244571A13856000FC7683 /* JACoverCollectionViewCell.h */,
				8DD244581A13856000FC7683 /* JACoverCollectionViewCell.m */,
			);
			name = Cover;
			sourceTree = "<group>";
		};
		8D54A93C1A14FE9800ABDAD2 /* Images */ = {
			isa = PBXGroup;
			children = (
				0A8783DF1A155DE80028437C /* Loader */,
				8D54A93D1A14FE9800ABDAD2 /* Cover */,
			);
			name = Images;
			path = Stories/Images;
			sourceTree = "<group>";
		};
		8D54A93D1A14FE9800ABDAD2 /* Cover */ = {
			isa = PBXGroup;
			children = (
				8D54A93E1A14FE9800ABDAD2 /* background_cover_0@2x.png */,
				8D54A93F1A14FE9800ABDAD2 /* background_cover_1@2x.png */,
				8D54A9401A14FE9800ABDAD2 /* background_cover_2@2x.png */,
				8D54A9411A14FE9800ABDAD2 /* personnage_cover_1@2x.png */,
				8D54A9421A14FE9800ABDAD2 /* personnage_cover_2@2x.png */,
			);
			path = Cover;
			sourceTree = "<group>";
		};
		8D54A9481A15085600ABDAD2 /* Fonts */ = {
			isa = PBXGroup;
			children = (
				8D54A95B1A1508A200ABDAD2 /* Circular Std Black Italic.otf */,
				8D54A95C1A1508A200ABDAD2 /* Circular Std Black.otf */,
				8D54A95D1A1508A200ABDAD2 /* Circular Std Bold Italic.otf */,
				8D54A95E1A1508A200ABDAD2 /* Circular Std Bold.otf */,
				8D54A95F1A1508A200ABDAD2 /* Circular Std Book Italic.otf */,
				8D54A9611A1508A200ABDAD2 /* Circular Std Medium Italic.otf */,
				8D54A9621A1508A200ABDAD2 /* Circular Std Medium.otf */,
				8D54A9681A150DDB00ABDAD2 /* Circular-Std-Book.otf */,
				8D54A9651A150A3C00ABDAD2 /* Young-Serif-Regular.ttf */,
			);
			name = Fonts;
			sourceTree = "<group>";
		};
		8D8C02C61A10CB6200904841 = {
			isa = PBXGroup;
			children = (
				8D54A9131A14EB8600ABDAD2 /* JSONModel */,
				8D54A8F31A14DC9A00ABDAD2 /* SystemConfiguration.framework */,
				8D8C02D11A10CB6200904841 /* Stories */,
				8D8C02EB1A10CB6300904841 /* StoriesTests */,
				8D8C02D01A10CB6200904841 /* Products */,
			);
			sourceTree = "<group>";
		};
		8D8C02D01A10CB6200904841 /* Products */ = {
			isa = PBXGroup;
			children = (
				8D8C02CF1A10CB6200904841 /* Stories.app */,
				8D8C02E81A10CB6300904841 /* StoriesTests.xctest */,
			);
			name = Products;
			sourceTree = "<group>";
		};
		8D8C02D11A10CB6200904841 /* Stories */ = {
			isa = PBXGroup;
			children = (
				8D54A8FD1A14DEEB00ABDAD2 /* Model */,
				0A525C5C1A116DBD00C33D2C /* Ressources */,
				8D54A9371A14FAF400ABDAD2 /* ViewControllers */,
				0A8783DE1A155CFC0028437C /* VIews */,
				8D8C02D61A10CB6200904841 /* AppDelegate.h */,
				8D8C02D71A10CB6200904841 /* AppDelegate.m */,
				8DBB41561A10EE94006FDAD4 /* Utils */,
				8D8C02DC1A10CB6200904841 /* Main.storyboard */,
				8D8C02DF1A10CB6200904841 /* Images.xcassets */,
				8D8C02E11A10CB6200904841 /* LaunchScreen.xib */,
				770CB9101A232FB8002817BE /* Article.storyboard */,
				8D8C02D21A10CB6200904841 /* Supporting Files */,
			);
			path = Stories;
			sourceTree = "<group>";
		};
		8D8C02D21A10CB6200904841 /* Supporting Files */ = {
			isa = PBXGroup;
			children = (
				8D8C02D31A10CB6200904841 /* Info.plist */,
				8D8C02D41A10CB6200904841 /* main.m */,
			);
			name = "Supporting Files";
			sourceTree = "<group>";
		};
		8D8C02EB1A10CB6300904841 /* StoriesTests */ = {
			isa = PBXGroup;
			children = (
				8D8C02EE1A10CB6300904841 /* StoriesTests.m */,
				8D8C02EC1A10CB6300904841 /* Supporting Files */,
			);
			path = StoriesTests;
			sourceTree = "<group>";
		};
		8D8C02EC1A10CB6300904841 /* Supporting Files */ = {
			isa = PBXGroup;
			children = (
				8D8C02ED1A10CB6300904841 /* Info.plist */,
			);
			name = "Supporting Files";
			sourceTree = "<group>";
		};
		8DBB41561A10EE94006FDAD4 /* Utils */ = {
			isa = PBXGroup;
			children = (
				8D54A9391A14FBA000ABDAD2 /* JAManagerData.h */,
				8D54A93A1A14FBA000ABDAD2 /* JAManagerData.m */,
			);
			name = Utils;
			sourceTree = "<group>";
		};
/* End PBXGroup section */

/* Begin PBXNativeTarget section */
		8D8C02CE1A10CB6200904841 /* Stories */ = {
			isa = PBXNativeTarget;
			buildConfigurationList = 8D8C02F21A10CB6300904841 /* Build configuration list for PBXNativeTarget "Stories" */;
			buildPhases = (
				8D8C02CB1A10CB6200904841 /* Sources */,
				8D8C02CC1A10CB6200904841 /* Frameworks */,
				8D8C02CD1A10CB6200904841 /* Resources */,
			);
			buildRules = (
			);
			dependencies = (
			);
			name = Stories;
			productName = Stories;
			productReference = 8D8C02CF1A10CB6200904841 /* Stories.app */;
			productType = "com.apple.product-type.application";
		};
		8D8C02E71A10CB6300904841 /* StoriesTests */ = {
			isa = PBXNativeTarget;
			buildConfigurationList = 8D8C02F51A10CB6300904841 /* Build configuration list for PBXNativeTarget "StoriesTests" */;
			buildPhases = (
				8D8C02E41A10CB6300904841 /* Sources */,
				8D8C02E51A10CB6300904841 /* Frameworks */,
				8D8C02E61A10CB6300904841 /* Resources */,
			);
			buildRules = (
			);
			dependencies = (
				8D8C02EA1A10CB6300904841 /* PBXTargetDependency */,
			);
			name = StoriesTests;
			productName = StoriesTests;
			productReference = 8D8C02E81A10CB6300904841 /* StoriesTests.xctest */;
			productType = "com.apple.product-type.bundle.unit-test";
		};
/* End PBXNativeTarget section */

/* Begin PBXProject section */
		8D8C02C71A10CB6200904841 /* Project object */ = {
			isa = PBXProject;
			attributes = {
				LastUpgradeCheck = 0610;
				ORGANIZATIONNAME = "Jb & Anto";
				TargetAttributes = {
					8D8C02CE1A10CB6200904841 = {
						CreatedOnToolsVersion = 6.1;
						DevelopmentTeam = 3RQFQA54Q5;
					};
					8D8C02E71A10CB6300904841 = {
						CreatedOnToolsVersion = 6.1;
						TestTargetID = 8D8C02CE1A10CB6200904841;
					};
				};
			};
			buildConfigurationList = 8D8C02CA1A10CB6200904841 /* Build configuration list for PBXProject "Stories" */;
			compatibilityVersion = "Xcode 3.2";
			developmentRegion = English;
			hasScannedForEncodings = 0;
			knownRegions = (
				en,
				Base,
			);
			mainGroup = 8D8C02C61A10CB6200904841;
			productRefGroup = 8D8C02D01A10CB6200904841 /* Products */;
			projectDirPath = "";
			projectRoot = "";
			targets = (
				8D8C02CE1A10CB6200904841 /* Stories */,
				8D8C02E71A10CB6300904841 /* StoriesTests */,
			);
		};
/* End PBXProject section */

/* Begin PBXResourcesBuildPhase section */
		8D8C02CD1A10CB6200904841 /* Resources */ = {
			isa = PBXResourcesBuildPhase;
			buildActionMask = 2147483647;
			files = (
				8D8C02DE1A10CB6200904841 /* Main.storyboard in Resources */,
				0A8784191A155DE80028437C /* loader_25@2x.png in Resources */,
				0A87842F1A155DE80028437C /* loader_9@2x.png in Resources */,
				0A87841F1A155DE80028437C /* loader_30@2x.png in Resources */,
				0A8784201A155DE80028437C /* loader_31@2x.png in Resources */,
				770CB9121A232FB8002817BE /* Article.storyboard in Resources */,
				0A87842A1A155DE80028437C /* loader_4@2x.png in Resources */,
				0A87840B1A155DE80028437C /* loader_12@2x.png in Resources */,
				8D8C02E31A10CB6200904841 /* LaunchScreen.xib in Resources */,
				0A8784091A155DE80028437C /* loader_10@2x.png in Resources */,
				0A87842C1A155DE80028437C /* loader_6@2x.png in Resources */,
				0A8784151A155DE80028437C /* loader_21@2x.png in Resources */,
				0A8784161A155DE80028437C /* loader_22@2x.png in Resources */,
				0A8784261A155DE80028437C /* loader_37@2x.png in Resources */,
				0A87842D1A155DE80028437C /* loader_7@2x.png in Resources */,
				0A8784081A155DE80028437C /* loader_0@2x.png in Resources */,
				0A8784141A155DE80028437C /* loader_20@2x.png in Resources */,
				0A87842B1A155DE80028437C /* loader_5@2x.png in Resources */,
				0A8784271A155DE80028437C /* loader_38@2x.png in Resources */,
				0A8784251A155DE80028437C /* loader_36@2x.png in Resources */,
				0A8784291A155DE80028437C /* loader_3@2x.png in Resources */,
				8D54A9441A14FE9800ABDAD2 /* background_cover_1@2x.png in Resources */,
				0A87840A1A155DE80028437C /* loader_11@2x.png in Resources */,
				0A87840E1A155DE80028437C /* loader_15@2x.png in Resources */,
				0A87840C1A155DE80028437C /* loader_13@2x.png in Resources */,
				0A8784211A155DE80028437C /* loader_32@2x.png in Resources */,
				0A87841C1A155DE80028437C /* loader_28@2x.png in Resources */,
				0A8784221A155DE80028437C /* loader_33@2x.png in Resources */,
				0A87841E1A155DE80028437C /* loader_2@2x.png in Resources */,
				8D54A9451A14FE9800ABDAD2 /* background_cover_2@2x.png in Resources */,
				0A87840D1A155DE80028437C /* loader_14@2x.png in Resources */,
				0A8784231A155DE80028437C /* loader_34@2x.png in Resources */,
				0A8784101A155DE80028437C /* loader_17@2x.png in Resources */,
				8D8C02E01A10CB6200904841 /* Images.xcassets in Resources */,
				8D54A9471A14FE9800ABDAD2 /* personnage_cover_2@2x.png in Resources */,
				8D54A9431A14FE9800ABDAD2 /* background_cover_0@2x.png in Resources */,
				0A87842E1A155DE80028437C /* loader_8@2x.png in Resources */,
				8D54A9461A14FE9800ABDAD2 /* personnage_cover_1@2x.png in Resources */,
				0A8784241A155DE80028437C /* loader_35@2x.png in Resources */,
				0A87840F1A155DE80028437C /* loader_16@2x.png in Resources */,
				8D54A9661A150A3C00ABDAD2 /* Young-Serif-Regular.ttf in Resources */,
				0A8784181A155DE80028437C /* loader_24@2x.png in Resources */,
				8D54A9121A14E9AF00ABDAD2 /* stories.json in Resources */,
				0A8784121A155DE80028437C /* loader_19@2x.png in Resources */,
				0A87841D1A155DE80028437C /* loader_29@2x.png in Resources */,
				0A87841B1A155DE80028437C /* loader_27@2x.png in Resources */,
				0A8784171A155DE80028437C /* loader_23@2x.png in Resources */,
				0A8784281A155DE80028437C /* loader_39@2x.png in Resources */,
				0A8784111A155DE80028437C /* loader_18@2x.png in Resources */,
				8D54A9691A150DDB00ABDAD2 /* Circular-Std-Book.otf in Resources */,
				0A8784131A155DE80028437C /* loader_1@2x.png in Resources */,
				0A87841A1A155DE80028437C /* loader_26@2x.png in Resources */,
			);
			runOnlyForDeploymentPostprocessing = 0;
		};
		8D8C02E61A10CB6300904841 /* Resources */ = {
			isa = PBXResourcesBuildPhase;
			buildActionMask = 2147483647;
			files = (
			);
			runOnlyForDeploymentPostprocessing = 0;
		};
/* End PBXResourcesBuildPhase section */

/* Begin PBXSourcesBuildPhase section */
		8D8C02CB1A10CB6200904841 /* Sources */ = {
			isa = PBXSourcesBuildPhase;
			buildActionMask = 2147483647;
			files = (
				770CB9221A233006002817BE /* JACreditsCollectionViewCell.m in Sources */,
				8D54A9331A14EB8600ABDAD2 /* JSONHTTPClient.m in Sources */,
				8D8C02D81A10CB6200904841 /* AppDelegate.m in Sources */,
				8D54A9341A14EB8600ABDAD2 /* JSONModel+networking.m in Sources */,
				0A8783DD1A155CF50028437C /* JALoaderView.m in Sources */,
				8D54A90E1A14E85E00ABDAD2 /* JAStoriesModel.m in Sources */,
				770CB9251A233006002817BE /* JAParagraphCollectionViewCell.m in Sources */,
				770CB9241A233006002817BE /* JAKeyNumberCollectionViewCell.m in Sources */,
				8D54A9021A14E00A00ABDAD2 /* JAChapterModel.m in Sources */,
				8D54A9301A14EB8600ABDAD2 /* JSONModelError.m in Sources */,
				770CB92B1A233014002817BE /* JATitleCollectionViewCell.m in Sources */,
				8D54A9311A14EB8600ABDAD2 /* NSArray+JSONModel.m in Sources */,
				8D8C02D51A10CB6200904841 /* main.m in Sources */,
				770CB9261A233006002817BE /* JAQuotesCollectionViewCell.m in Sources */,
				8D54A9321A14EB8600ABDAD2 /* JSONAPI.m in Sources */,
				8D54A9051A14E3E900ABDAD2 /* JAArticleModel.m in Sources */,
				8D54A8FC1A14DED600ABDAD2 /* JACoverModel.m in Sources */,
				8D54A9361A14EB8600ABDAD2 /* JSONValueTransformer.m in Sources */,
				8D54A9081A14E53700ABDAD2 /* JABlockModel.m in Sources */,
				770CB9231A233006002817BE /* JAImageCollectionViewCell.m in Sources */,
				8D54A92F1A14EB8600ABDAD2 /* JSONModelClassProperty.m in Sources */,
				8DD244591A13856000FC7683 /* JACoverCollectionViewCell.m in Sources */,
				8D54A9351A14EB8600ABDAD2 /* JSONKeyMapper.m in Sources */,
				8D54A90B1A14E5DD00ABDAD2 /* JACreditModel.m in Sources */,
				770CB92A1A233014002817BE /* JAArticleCollectionViewController.m in Sources */,
				8DB9C3D41A160BE200FBC975 /* JAFollowView.m in Sources */,
				8D54A92D1A14EB8600ABDAD2 /* JSONModel.m in Sources */,
				8D54A93B1A14FBA000ABDAD2 /* JAManagerData.m in Sources */,
				770CB9271A233006002817BE /* JAResumeCollectionViewCell.m in Sources */,
				8D54A8F91A14DD9C00ABDAD2 /* JAStorieModel.m in Sources */,
				8DD244561A13850800FC7683 /* JACoverCollectionViewController.m in Sources */,
				8D54A92E1A14EB8600ABDAD2 /* JSONModelArray.m in Sources */,
			);
			runOnlyForDeploymentPostprocessing = 0;
		};
		8D8C02E41A10CB6300904841 /* Sources */ = {
			isa = PBXSourcesBuildPhase;
			buildActionMask = 2147483647;
			files = (
				8D8C02EF1A10CB6300904841 /* StoriesTests.m in Sources */,
			);
			runOnlyForDeploymentPostprocessing = 0;
		};
/* End PBXSourcesBuildPhase section */

/* Begin PBXTargetDependency section */
		8D8C02EA1A10CB6300904841 /* PBXTargetDependency */ = {
			isa = PBXTargetDependency;
			target = 8D8C02CE1A10CB6200904841 /* Stories */;
			targetProxy = 8D8C02E91A10CB6300904841 /* PBXContainerItemProxy */;
		};
/* End PBXTargetDependency section */

/* Begin PBXVariantGroup section */
		770CB9101A232FB8002817BE /* Article.storyboard */ = {
			isa = PBXVariantGroup;
			children = (
				770CB9111A232FB8002817BE /* Base */,
			);
			name = Article.storyboard;
			sourceTree = "<group>";
		};
		8D8C02DC1A10CB6200904841 /* Main.storyboard */ = {
			isa = PBXVariantGroup;
			children = (
				8D8C02DD1A10CB6200904841 /* Base */,
			);
			name = Main.storyboard;
			sourceTree = "<group>";
		};
		8D8C02E11A10CB6200904841 /* LaunchScreen.xib */ = {
			isa = PBXVariantGroup;
			children = (
				8D8C02E21A10CB6200904841 /* Base */,
			);
			name = LaunchScreen.xib;
			sourceTree = "<group>";
		};
/* End PBXVariantGroup section */

/* Begin XCBuildConfiguration section */
		8D8C02F01A10CB6300904841 /* Debug */ = {
			isa = XCBuildConfiguration;
			buildSettings = {
				ALWAYS_SEARCH_USER_PATHS = NO;
				CLANG_CXX_LANGUAGE_STANDARD = "gnu++0x";
				CLANG_CXX_LIBRARY = "libc++";
				CLANG_ENABLE_MODULES = YES;
				CLANG_ENABLE_OBJC_ARC = YES;
				CLANG_WARN_BOOL_CONVERSION = YES;
				CLANG_WARN_CONSTANT_CONVERSION = YES;
				CLANG_WARN_DIRECT_OBJC_ISA_USAGE = YES_ERROR;
				CLANG_WARN_EMPTY_BODY = YES;
				CLANG_WARN_ENUM_CONVERSION = YES;
				CLANG_WARN_INT_CONVERSION = YES;
				CLANG_WARN_OBJC_ROOT_CLASS = YES_ERROR;
				CLANG_WARN_UNREACHABLE_CODE = YES;
				CLANG_WARN__DUPLICATE_METHOD_MATCH = YES;
				"CODE_SIGN_IDENTITY[sdk=iphoneos*]" = "iPhone Developer";
				COPY_PHASE_STRIP = NO;
				ENABLE_STRICT_OBJC_MSGSEND = YES;
				GCC_C_LANGUAGE_STANDARD = gnu99;
				GCC_DYNAMIC_NO_PIC = NO;
				GCC_OPTIMIZATION_LEVEL = 0;
				GCC_PREPROCESSOR_DEFINITIONS = (
					"DEBUG=1",
					"$(inherited)",
				);
				GCC_SYMBOLS_PRIVATE_EXTERN = NO;
				GCC_WARN_64_TO_32_BIT_CONVERSION = YES;
				GCC_WARN_ABOUT_RETURN_TYPE = YES_ERROR;
				GCC_WARN_UNDECLARED_SELECTOR = YES;
				GCC_WARN_UNINITIALIZED_AUTOS = YES_AGGRESSIVE;
				GCC_WARN_UNUSED_FUNCTION = YES;
				GCC_WARN_UNUSED_VARIABLE = YES;
				IPHONEOS_DEPLOYMENT_TARGET = 8.1;
				MTL_ENABLE_DEBUG_INFO = YES;
				ONLY_ACTIVE_ARCH = YES;
				SDKROOT = iphoneos;
			};
			name = Debug;
		};
		8D8C02F11A10CB6300904841 /* Release */ = {
			isa = XCBuildConfiguration;
			buildSettings = {
				ALWAYS_SEARCH_USER_PATHS = NO;
				CLANG_CXX_LANGUAGE_STANDARD = "gnu++0x";
				CLANG_CXX_LIBRARY = "libc++";
				CLANG_ENABLE_MODULES = YES;
				CLANG_ENABLE_OBJC_ARC = YES;
				CLANG_WARN_BOOL_CONVERSION = YES;
				CLANG_WARN_CONSTANT_CONVERSION = YES;
				CLANG_WARN_DIRECT_OBJC_ISA_USAGE = YES_ERROR;
				CLANG_WARN_EMPTY_BODY = YES;
				CLANG_WARN_ENUM_CONVERSION = YES;
				CLANG_WARN_INT_CONVERSION = YES;
				CLANG_WARN_OBJC_ROOT_CLASS = YES_ERROR;
				CLANG_WARN_UNREACHABLE_CODE = YES;
				CLANG_WARN__DUPLICATE_METHOD_MATCH = YES;
				"CODE_SIGN_IDENTITY[sdk=iphoneos*]" = "iPhone Developer";
				COPY_PHASE_STRIP = YES;
				ENABLE_NS_ASSERTIONS = NO;
				ENABLE_STRICT_OBJC_MSGSEND = YES;
				GCC_C_LANGUAGE_STANDARD = gnu99;
				GCC_WARN_64_TO_32_BIT_CONVERSION = YES;
				GCC_WARN_ABOUT_RETURN_TYPE = YES_ERROR;
				GCC_WARN_UNDECLARED_SELECTOR = YES;
				GCC_WARN_UNINITIALIZED_AUTOS = YES_AGGRESSIVE;
				GCC_WARN_UNUSED_FUNCTION = YES;
				GCC_WARN_UNUSED_VARIABLE = YES;
				IPHONEOS_DEPLOYMENT_TARGET = 8.1;
				MTL_ENABLE_DEBUG_INFO = NO;
				SDKROOT = iphoneos;
				VALIDATE_PRODUCT = YES;
			};
			name = Release;
		};
		8D8C02F31A10CB6300904841 /* Debug */ = {
			isa = XCBuildConfiguration;
			buildSettings = {
				ASSETCATALOG_COMPILER_APPICON_NAME = AppIcon;
				CODE_SIGN_IDENTITY = "iPhone Developer";
				INFOPLIST_FILE = Stories/Info.plist;
				LD_RUNPATH_SEARCH_PATHS = "$(inherited) @executable_path/Frameworks";
				OTHER_LDFLAGS = "-ObjC";
				PRODUCT_NAME = "$(TARGET_NAME)";
			};
			name = Debug;
		};
		8D8C02F41A10CB6300904841 /* Release */ = {
			isa = XCBuildConfiguration;
			buildSettings = {
				ASSETCATALOG_COMPILER_APPICON_NAME = AppIcon;
				CODE_SIGN_IDENTITY = "iPhone Developer";
				INFOPLIST_FILE = Stories/Info.plist;
				LD_RUNPATH_SEARCH_PATHS = "$(inherited) @executable_path/Frameworks";
				OTHER_LDFLAGS = "-ObjC";
				PRODUCT_NAME = "$(TARGET_NAME)";
			};
			name = Release;
		};
		8D8C02F61A10CB6300904841 /* Debug */ = {
			isa = XCBuildConfiguration;
			buildSettings = {
				BUNDLE_LOADER = "$(TEST_HOST)";
				FRAMEWORK_SEARCH_PATHS = (
					"$(SDKROOT)/Developer/Library/Frameworks",
					"$(inherited)",
				);
				GCC_PREPROCESSOR_DEFINITIONS = (
					"DEBUG=1",
					"$(inherited)",
				);
				INFOPLIST_FILE = StoriesTests/Info.plist;
				LD_RUNPATH_SEARCH_PATHS = "$(inherited) @executable_path/Frameworks @loader_path/Frameworks";
				PRODUCT_NAME = "$(TARGET_NAME)";
				TEST_HOST = "$(BUILT_PRODUCTS_DIR)/Stories.app/Stories";
			};
			name = Debug;
		};
		8D8C02F71A10CB6300904841 /* Release */ = {
			isa = XCBuildConfiguration;
			buildSettings = {
				BUNDLE_LOADER = "$(TEST_HOST)";
				FRAMEWORK_SEARCH_PATHS = (
					"$(SDKROOT)/Developer/Library/Frameworks",
					"$(inherited)",
				);
				INFOPLIST_FILE = StoriesTests/Info.plist;
				LD_RUNPATH_SEARCH_PATHS = "$(inherited) @executable_path/Frameworks @loader_path/Frameworks";
				PRODUCT_NAME = "$(TARGET_NAME)";
				TEST_HOST = "$(BUILT_PRODUCTS_DIR)/Stories.app/Stories";
			};
			name = Release;
		};
/* End XCBuildConfiguration section */

/* Begin XCConfigurationList section */
		8D8C02CA1A10CB6200904841 /* Build configuration list for PBXProject "Stories" */ = {
			isa = XCConfigurationList;
			buildConfigurations = (
				8D8C02F01A10CB6300904841 /* Debug */,
				8D8C02F11A10CB6300904841 /* Release */,
			);
			defaultConfigurationIsVisible = 0;
			defaultConfigurationName = Release;
		};
		8D8C02F21A10CB6300904841 /* Build configuration list for PBXNativeTarget "Stories" */ = {
			isa = XCConfigurationList;
			buildConfigurations = (
				8D8C02F31A10CB6300904841 /* Debug */,
				8D8C02F41A10CB6300904841 /* Release */,
			);
			defaultConfigurationIsVisible = 0;
			defaultConfigurationName = Release;
		};
		8D8C02F51A10CB6300904841 /* Build configuration list for PBXNativeTarget "StoriesTests" */ = {
			isa = XCConfigurationList;
			buildConfigurations = (
				8D8C02F61A10CB6300904841 /* Debug */,
				8D8C02F71A10CB6300904841 /* Release */,
			);
			defaultConfigurationIsVisible = 0;
			defaultConfigurationName = Release;
		};
/* End XCConfigurationList section */
	};
	rootObject = 8D8C02C71A10CB6200904841 /* Project object */;
}
